
Microsoft Visual Studio Solution File, Format Version 12.00
# Visual Studio Version 16
VisualStudioVersion = 16.0.29306.81
MinimumVisualStudioVersion = 10.0.40219.1
Project("{FAE04EC0-301F-11D3-BF4B-00C04F79EFBC}") = "Dia_da_semana", "Dia_da_semana\Dia_da_semana.csproj", "{61CA9F6D-25AB-4183-B61A-179C54436070}"
EndProject
Global
	GlobalSection(SolutionConfigurationPlatforms) = preSolution
		Debug|Any CPU = Debug|Any CPU
		Release|Any CPU = Release|Any CPU
	EndGlobalSection
	GlobalSection(ProjectConfigurationPlatforms) = postSolution
		{61CA9F6D-25AB-4183-B61A-179C54436070}.Debug|Any CPU.ActiveCfg = Debug|Any CPU
		{61CA9F6D-25AB-4183-B61A-179C54436070}.Debug|Any CPU.Build.0 = Debug|Any CPU
		{61CA9F6D-25AB-4183-B61A-179C54436070}.Release|Any CPU.ActiveCfg = Release|Any CPU
		{61CA9F6D-25AB-4183-B61A-179C54436070}.Release|Any CPU.Build.0 = Release|Any CPU
	EndGlobalSection
	GlobalSection(SolutionProperties) = preSolution
		HideSolutionNode = FALSE
	EndGlobalSection
	GlobalSection(ExtensibilityGlobals) = postSolution
		SolutionGuid = {36FFB1D6-177A-4B0B-99DB-9E575E5A5E47}
	EndGlobalSection
EndGlobal
